
Microsoft Visual Studio Solution File, Format Version 12.00
# Visual Studio Version 17
VisualStudioVersion = 17.14.36301.6 d17.14
MinimumVisualStudioVersion = 10.0.40219.1
Project("{FAE04EC0-301F-11D3-BF4B-00C04F79EFBC}") = "WebRTCTest", "WebRTCTest\WebRTCTest.csproj", "{DF1A6D6B-A29A-4966-95CB-C164DB949581}"
EndProject
Global
	GlobalSection(SolutionConfigurationPlatforms) = preSolution
		Debug|Any CPU = Debug|Any CPU
		Release|Any CPU = Release|Any CPU
	EndGlobalSection
	GlobalSection(ProjectConfigurationPlatforms) = postSolution
		{DF1A6D6B-A29A-4966-95CB-C164DB949581}.Debug|Any CPU.ActiveCfg = Debug|Any CPU
		{DF1A6D6B-A29A-4966-95CB-C164DB949581}.Debug|Any CPU.Build.0 = Debug|Any CPU
		{DF1A6D6B-A29A-4966-95CB-C164DB949581}.Release|Any CPU.ActiveCfg = Release|Any CPU
		{DF1A6D6B-A29A-4966-95CB-C164DB949581}.Release|Any CPU.Build.0 = Release|Any CPU
	EndGlobalSection
	GlobalSection(SolutionProperties) = preSolution
		HideSolutionNode = FALSE
	EndGlobalSection
	GlobalSection(ExtensibilityGlobals) = postSolution
		SolutionGuid = {28B5D840-A242-4EA4-A531-3988AF9DB2E3}
	EndGlobalSection
EndGlobal
